
Microsoft Visual Studio Solution File, Format Version 12.00
# Visual Studio Version 17
VisualStudioVersion = 17.0.31903.59
MinimumVisualStudioVersion = 10.0.40219.1
Project("{2150E333-8FDC-42A3-9474-1A3956D46DE8}") = "src", "src", "{6330B3A8-BBEA-45D5-9286-D37DFE369C15}"
EndProject
Project("{FAE04EC0-301F-11D3-BF4B-00C04F79EFBC}") = "YALog.API", "src\YALog.API\YALog.API.csproj", "{F8322A6A-4B1F-4528-86BB-05BE57DDE4CD}"
EndProject
Global
	GlobalSection(SolutionConfigurationPlatforms) = preSolution
		Debug|Any CPU = Debug|Any CPU
		Release|Any CPU = Release|Any CPU
	EndGlobalSection
	GlobalSection(SolutionProperties) = preSolution
		HideSolutionNode = FALSE
	EndGlobalSection
	GlobalSection(ProjectConfigurationPlatforms) = postSolution
		{F8322A6A-4B1F-4528-86BB-05BE57DDE4CD}.Debug|Any CPU.ActiveCfg = Debug|Any CPU
		{F8322A6A-4B1F-4528-86BB-05BE57DDE4CD}.Debug|Any CPU.Build.0 = Debug|Any CPU
		{F8322A6A-4B1F-4528-86BB-05BE57DDE4CD}.Release|Any CPU.ActiveCfg = Release|Any CPU
		{F8322A6A-4B1F-4528-86BB-05BE57DDE4CD}.Release|Any CPU.Build.0 = Release|Any CPU
	EndGlobalSection
	GlobalSection(NestedProjects) = preSolution
		{F8322A6A-4B1F-4528-86BB-05BE57DDE4CD} = {6330B3A8-BBEA-45D5-9286-D37DFE369C15}
	EndGlobalSection
EndGlobal
